// !$*UTF8*$!
{
	archiveVersion = 1;
	classes = {
	};
	objectVersion = 46;
	objects = {

/* Begin PBXBuildFile section */
		18A0A26FBBC444A18E65BACF /* libPods-ImaListTests.a in Frameworks */ = {isa = PBXBuildFile; fileRef = 31595206A7E041189CC67E84 /* libPods-ImaListTests.a */; };
		4B0626DB17FFB0DE00433982 /* icon-important-marker.png in Resources */ = {isa = PBXBuildFile; fileRef = 4B0626D917FFB0DE00433982 /* icon-important-marker.png */; };
		4B0626DC17FFB0DE00433982 /* icon-important-marker@2x.png in Resources */ = {isa = PBXBuildFile; fileRef = 4B0626DA17FFB0DE00433982 /* icon-important-marker@2x.png */; };
		4B0884481777AE1D00BF2A25 /* ItemsViewController.m in Sources */ = {isa = PBXBuildFile; fileRef = 4B0884461777AE1D00BF2A25 /* ItemsViewController.m */; };
		4B0884491777AE1D00BF2A25 /* ItemsViewController.xib in Resources */ = {isa = PBXBuildFile; fileRef = 4B0884471777AE1D00BF2A25 /* ItemsViewController.xib */; };
		4B14630C184FAC9A003705FC /* FDataSnapshot+UtilityMethods.m in Sources */ = {isa = PBXBuildFile; fileRef = 4B14630B184FAC9A003705FC /* FDataSnapshot+UtilityMethods.m */; };
		4B534032172B66C3003F9AE2 /* UIKit.framework in Frameworks */ = {isa = PBXBuildFile; fileRef = 4B534031172B66C3003F9AE2 /* UIKit.framework */; };
		4B534034172B66C3003F9AE2 /* Foundation.framework in Frameworks */ = {isa = PBXBuildFile; fileRef = 4B534033172B66C3003F9AE2 /* Foundation.framework */; };
		4B534036172B66C3003F9AE2 /* CoreGraphics.framework in Frameworks */ = {isa = PBXBuildFile; fileRef = 4B534035172B66C3003F9AE2 /* CoreGraphics.framework */; };
		4B53403E172B66C3003F9AE2 /* main.m in Sources */ = {isa = PBXBuildFile; fileRef = 4B53403D172B66C3003F9AE2 /* main.m */; };
		4B534042172B66C3003F9AE2 /* AppDelegate.m in Sources */ = {isa = PBXBuildFile; fileRef = 4B534041172B66C3003F9AE2 /* AppDelegate.m */; };
		4B53404E172B66C3003F9AE2 /* MainViewController.m in Sources */ = {isa = PBXBuildFile; fileRef = 4B53404D172B66C3003F9AE2 /* MainViewController.m */; };
		4B53408C172F59F2003F9AE2 /* SenTestingKit.framework in Frameworks */ = {isa = PBXBuildFile; fileRef = 4B53408B172F59F2003F9AE2 /* SenTestingKit.framework */; };
		4B53408D172F59F2003F9AE2 /* UIKit.framework in Frameworks */ = {isa = PBXBuildFile; fileRef = 4B534031172B66C3003F9AE2 /* UIKit.framework */; };
		4B53408E172F59F2003F9AE2 /* Foundation.framework in Frameworks */ = {isa = PBXBuildFile; fileRef = 4B534033172B66C3003F9AE2 /* Foundation.framework */; };
		4B534094172F59F2003F9AE2 /* InfoPlist.strings in Resources */ = {isa = PBXBuildFile; fileRef = 4B534092172F59F2003F9AE2 /* InfoPlist.strings */; };
		4B552E19178465FB00342D70 /* OptionsView.m in Sources */ = {isa = PBXBuildFile; fileRef = 4B552E18178465FB00342D70 /* OptionsView.m */; };
		4B6CECAE17F8E64B003BD644 /* NSString+UtilityMethods.m in Sources */ = {isa = PBXBuildFile; fileRef = 4B6CECAD17F8E64B003BD644 /* NSString+UtilityMethods.m */; };
		4B7E85B1176C177900DAF07E /* EditorViewController.m in Sources */ = {isa = PBXBuildFile; fileRef = 4B7E85AF176C177900DAF07E /* EditorViewController.m */; };
		4B7E85B2176C177900DAF07E /* EditorViewController.m in Sources */ = {isa = PBXBuildFile; fileRef = 4B7E85AF176C177900DAF07E /* EditorViewController.m */; };
		4B7E85B3176C177900DAF07E /* EditorViewController.xib in Resources */ = {isa = PBXBuildFile; fileRef = 4B7E85B0176C177900DAF07E /* EditorViewController.xib */; };
		4B7E85B4176C177900DAF07E /* EditorViewController.xib in Resources */ = {isa = PBXBuildFile; fileRef = 4B7E85B0176C177900DAF07E /* EditorViewController.xib */; };
		4B7E85C8176E882C00DAF07E /* ItemTableCell.m in Sources */ = {isa = PBXBuildFile; fileRef = 4B7E85C6176E882C00DAF07E /* ItemTableCell.m */; };
		4B7E85C9176E882C00DAF07E /* ItemTableCell.m in Sources */ = {isa = PBXBuildFile; fileRef = 4B7E85C6176E882C00DAF07E /* ItemTableCell.m */; };
		4B7E85CA176E882C00DAF07E /* ItemTableCell.xib in Resources */ = {isa = PBXBuildFile; fileRef = 4B7E85C7176E882C00DAF07E /* ItemTableCell.xib */; };
		4B7E85CB176E882C00DAF07E /* ItemTableCell.xib in Resources */ = {isa = PBXBuildFile; fileRef = 4B7E85C7176E882C00DAF07E /* ItemTableCell.xib */; };
		4B7E85D91771315F00DAF07E /* icon-delete-list.png in Resources */ = {isa = PBXBuildFile; fileRef = 4B7E85D71771315F00DAF07E /* icon-delete-list.png */; };
		4B7E85DA1771316000DAF07E /* icon-delete-list@2x.png in Resources */ = {isa = PBXBuildFile; fileRef = 4B7E85D81771315F00DAF07E /* icon-delete-list@2x.png */; };
		4B7E85DC1776357000DAF07E /* ItemListDataSource.m in Sources */ = {isa = PBXBuildFile; fileRef = 4B7E85DB1776357000DAF07E /* ItemListDataSource.m */; };
		4B7E85DE17765FB100DAF07E /* ListListDataSource.m in Sources */ = {isa = PBXBuildFile; fileRef = 4B7E85DD17765FB100DAF07E /* ListListDataSource.m */; };
		4BAD099D176F8E3B000D74D5 /* ListCollectionCell.m in Sources */ = {isa = PBXBuildFile; fileRef = 4BAD099C176F8E3B000D74D5 /* ListCollectionCell.m */; };
		4BAD099E176F8E3B000D74D5 /* ListCollectionCell.m in Sources */ = {isa = PBXBuildFile; fileRef = 4BAD099C176F8E3B000D74D5 /* ListCollectionCell.m */; };
		4BAD09A0176F8E76000D74D5 /* ListCollectionCell.xib in Resources */ = {isa = PBXBuildFile; fileRef = 4BAD099F176F8E76000D74D5 /* ListCollectionCell.xib */; };
		4BAD09A1176F8E76000D74D5 /* ListCollectionCell.xib in Resources */ = {isa = PBXBuildFile; fileRef = 4BAD099F176F8E76000D74D5 /* ListCollectionCell.xib */; };
		4BAD09E81770F32A000D74D5 /* icon-checked.png in Resources */ = {isa = PBXBuildFile; fileRef = 4BAD09BC1770F32A000D74D5 /* icon-checked.png */; };
		4BAD09E91770F32A000D74D5 /* icon-checked@2x.png in Resources */ = {isa = PBXBuildFile; fileRef = 4BAD09BD1770F32A000D74D5 /* icon-checked@2x.png */; };
		4BAD09EA1770F32A000D74D5 /* icon-clear.png in Resources */ = {isa = PBXBuildFile; fileRef = 4BAD09BE1770F32A000D74D5 /* icon-clear.png */; };
		4BAD09EB1770F32A000D74D5 /* icon-clear@2x.png in Resources */ = {isa = PBXBuildFile; fileRef = 4BAD09BF1770F32A000D74D5 /* icon-clear@2x.png */; };
		4BAD09EC1770F32A000D74D5 /* icon-delete-item.png in Resources */ = {isa = PBXBuildFile; fileRef = 4BAD09C01770F32A000D74D5 /* icon-delete-item.png */; };
		4BAD09ED1770F32A000D74D5 /* icon-delete-item@2x.png in Resources */ = {isa = PBXBuildFile; fileRef = 4BAD09C11770F32A000D74D5 /* icon-delete-item@2x.png */; };
		4BAD09EE1770F32B000D74D5 /* icon-sort.png in Resources */ = {isa = PBXBuildFile; fileRef = 4BAD09C21770F32A000D74D5 /* icon-sort.png */; };
		4BAD09EF1770F32B000D74D5 /* icon-sort@2x.png in Resources */ = {isa = PBXBuildFile; fileRef = 4BAD09C31770F32A000D74D5 /* icon-sort@2x.png */; };
		4BAD09F01770F32B000D74D5 /* icon-unchecked.png in Resources */ = {isa = PBXBuildFile; fileRef = 4BAD09C41770F32A000D74D5 /* icon-unchecked.png */; };
		4BAD09F11770F32B000D74D5 /* icon-unchecked@2x.png in Resources */ = {isa = PBXBuildFile; fileRef = 4BAD09C51770F32A000D74D5 /* icon-unchecked@2x.png */; };
		4BAD09F41770F32B000D74D5 /* icon-edit-lists.png in Resources */ = {isa = PBXBuildFile; fileRef = 4BAD09C91770F32A000D74D5 /* icon-edit-lists.png */; };
		4BAD09F51770F32B000D74D5 /* icon-edit-lists@2x.png in Resources */ = {isa = PBXBuildFile; fileRef = 4BAD09CA1770F32A000D74D5 /* icon-edit-lists@2x.png */; };
		4BAD09F61770F32B000D74D5 /* icon-lists.png in Resources */ = {isa = PBXBuildFile; fileRef = 4BAD09CB1770F32A000D74D5 /* icon-lists.png */; };
		4BAD09F71770F32B000D74D5 /* icon-lists@2x.png in Resources */ = {isa = PBXBuildFile; fileRef = 4BAD09CC1770F32A000D74D5 /* icon-lists@2x.png */; };
		4BAD0A021770F32B000D74D5 /* icon-add.png in Resources */ = {isa = PBXBuildFile; fileRef = 4BAD09D81770F32A000D74D5 /* icon-add.png */; };
		4BAD0A031770F32B000D74D5 /* icon-add@2x.png in Resources */ = {isa = PBXBuildFile; fileRef = 4BAD09D91770F32A000D74D5 /* icon-add@2x.png */; };
		4BAD0A41177C9D5A000D74D5 /* icon-login.png in Resources */ = {isa = PBXBuildFile; fileRef = 4BAD0A3F177C9D59000D74D5 /* icon-login.png */; };
		4BAD0A42177C9D5A000D74D5 /* icon-login@2x.png in Resources */ = {isa = PBXBuildFile; fileRef = 4BAD0A40177C9D5A000D74D5 /* icon-login@2x.png */; };
		4BC641CA17792EE400C06E90 /* cancel-button-highlighted.png in Resources */ = {isa = PBXBuildFile; fileRef = 4BC641C817792EE400C06E90 /* cancel-button-highlighted.png */; };
		4BC641CB17792EE400C06E90 /* done-button-highlighted.png in Resources */ = {isa = PBXBuildFile; fileRef = 4BC641C917792EE400C06E90 /* done-button-highlighted.png */; };
		4BC641CE1779314100C06E90 /* cancel-button.png in Resources */ = {isa = PBXBuildFile; fileRef = 4BC641CC1779314100C06E90 /* cancel-button.png */; };
		4BC641CF1779314100C06E90 /* done-button.png in Resources */ = {isa = PBXBuildFile; fileRef = 4BC641CD1779314100C06E90 /* done-button.png */; };
		4BC641D4177BB29E00C06E90 /* LoginViewController.m in Sources */ = {isa = PBXBuildFile; fileRef = 4BC641D2177BB29E00C06E90 /* LoginViewController.m */; };
		4BC641D9177BBEEF00C06E90 /* Accounts.framework in Frameworks */ = {isa = PBXBuildFile; fileRef = 4BC641D8177BBEEF00C06E90 /* Accounts.framework */; };
		4BC641DB177BBEF600C06E90 /* Social.framework in Frameworks */ = {isa = PBXBuildFile; fileRef = 4BC641DA177BBEF600C06E90 /* Social.framework */; };
		4BC641DD177CF4D400C06E90 /* MainStoryboard.storyboard in Resources */ = {isa = PBXBuildFile; fileRef = 4BC641DC177CF4D400C06E90 /* MainStoryboard.storyboard */; };
		4BC641ED177CF6D100C06E90 /* FirebaseAuthClient.framework in Frameworks */ = {isa = PBXBuildFile; fileRef = 4BC641EC177CF6D100C06E90 /* FirebaseAuthClient.framework */; };
		4BC641F2177FE75600C06E90 /* icon-add-list.png in Resources */ = {isa = PBXBuildFile; fileRef = 4BC641F0177FE75600C06E90 /* icon-add-list.png */; };
		4BC641F3177FE75600C06E90 /* icon-add-list@2x.png in Resources */ = {isa = PBXBuildFile; fileRef = 4BC641F1177FE75600C06E90 /* icon-add-list@2x.png */; };
		4BC641F6177FEB3000C06E90 /* icon-editing-lists.png in Resources */ = {isa = PBXBuildFile; fileRef = 4BC641F4177FEB3000C06E90 /* icon-editing-lists.png */; };
		4BC641F7177FEB3000C06E90 /* icon-editing-lists@2x.png in Resources */ = {isa = PBXBuildFile; fileRef = 4BC641F5177FEB3000C06E90 /* icon-editing-lists@2x.png */; };
		4BC641FA178FAC4400C06E90 /* no-connection.png in Resources */ = {isa = PBXBuildFile; fileRef = 4BC641F8178FAC4400C06E90 /* no-connection.png */; };
		4BC641FB178FAC4400C06E90 /* no-connection@2x.png in Resources */ = {isa = PBXBuildFile; fileRef = 4BC641F9178FAC4400C06E90 /* no-connection@2x.png */; };
		4BC7EC5A176F81300040E9FB /* ListsViewController.m in Sources */ = {isa = PBXBuildFile; fileRef = 4BC7EC58176F81300040E9FB /* ListsViewController.m */; };
		4BC7EC5B176F81300040E9FB /* ListsViewController.m in Sources */ = {isa = PBXBuildFile; fileRef = 4BC7EC58176F81300040E9FB /* ListsViewController.m */; };
		4BC7EC5C176F81300040E9FB /* ListsViewController.xib in Resources */ = {isa = PBXBuildFile; fileRef = 4BC7EC59176F81300040E9FB /* ListsViewController.xib */; };
		4BC7EC5D176F81300040E9FB /* ListsViewController.xib in Resources */ = {isa = PBXBuildFile; fileRef = 4BC7EC59176F81300040E9FB /* ListsViewController.xib */; };
		4BC7EC64176F829E0040E9FB /* Item.m in Sources */ = {isa = PBXBuildFile; fileRef = 4BC7EC60176F829E0040E9FB /* Item.m */; };
		4BC7EC65176F829E0040E9FB /* Item.m in Sources */ = {isa = PBXBuildFile; fileRef = 4BC7EC60176F829E0040E9FB /* Item.m */; };
		4BC7EC6B176F82DA0040E9FB /* List.m in Sources */ = {isa = PBXBuildFile; fileRef = 4BC7EC6A176F82DA0040E9FB /* List.m */; };
		4BC7EC6C176F82DA0040E9FB /* List.m in Sources */ = {isa = PBXBuildFile; fileRef = 4BC7EC6A176F82DA0040E9FB /* List.m */; };
		4BCC99D6175289D000C3D825 /* QuartzCore.framework in Frameworks */ = {isa = PBXBuildFile; fileRef = 4BCC99D5175289D000C3D825 /* QuartzCore.framework */; };
		4BDC9A3017ED330A006519DB /* Images.xcassets in Resources */ = {isa = PBXBuildFile; fileRef = 4BDC9A2F17ED330A006519DB /* Images.xcassets */; };
		4BE48545180B15E500B918DC /* ItemPanHandler.m in Sources */ = {isa = PBXBuildFile; fileRef = 4BE48544180B15E500B918DC /* ItemPanHandler.m */; };
		4BFC3F1A17F613490003AD44 /* icon-lists-open.png in Resources */ = {isa = PBXBuildFile; fileRef = 4BFC3F1817F613490003AD44 /* icon-lists-open.png */; };
		4BFC3F1B17F613490003AD44 /* icon-lists-open@2x.png in Resources */ = {isa = PBXBuildFile; fileRef = 4BFC3F1917F613490003AD44 /* icon-lists-open@2x.png */; };
		4BFC3F2017F7B1A70003AD44 /* icon-important.png in Resources */ = {isa = PBXBuildFile; fileRef = 4BFC3F1C17F7B1A70003AD44 /* icon-important.png */; };
		4BFC3F2117F7B1A70003AD44 /* icon-important@2x.png in Resources */ = {isa = PBXBuildFile; fileRef = 4BFC3F1D17F7B1A70003AD44 /* icon-important@2x.png */; };
		4BFC3F2217F7B1A70003AD44 /* icon-unimportant.png in Resources */ = {isa = PBXBuildFile; fileRef = 4BFC3F1E17F7B1A70003AD44 /* icon-unimportant.png */; };
		4BFC3F2317F7B1A70003AD44 /* icon-unimportant@2x.png in Resources */ = {isa = PBXBuildFile; fileRef = 4BFC3F1F17F7B1A70003AD44 /* icon-unimportant@2x.png */; };
		DD6007FF2E294ABDB593D137 /* libPods.a in Frameworks */ = {isa = PBXBuildFile; fileRef = E9B636D51C3F404AB85E3302 /* libPods.a */; };
/* End PBXBuildFile section */

/* Begin PBXFileReference section */
		31595206A7E041189CC67E84 /* libPods-ImaListTests.a */ = {isa = PBXFileReference; explicitFileType = archive.ar; includeInIndex = 0; path = "libPods-ImaListTests.a"; sourceTree = BUILT_PRODUCTS_DIR; };
		4B0626D917FFB0DE00433982 /* icon-important-marker.png */ = {isa = PBXFileReference; lastKnownFileType = image.png; path = "icon-important-marker.png"; sourceTree = "<group>"; };
		4B0626DA17FFB0DE00433982 /* icon-important-marker@2x.png */ = {isa = PBXFileReference; lastKnownFileType = image.png; path = "icon-important-marker@2x.png"; sourceTree = "<group>"; };
		4B0884451777AE1D00BF2A25 /* ItemsViewController.h */ = {isa = PBXFileReference; fileEncoding = 4; lastKnownFileType = sourcecode.c.h; path = ItemsViewController.h; sourceTree = "<group>"; };
		4B0884461777AE1D00BF2A25 /* ItemsViewController.m */ = {isa = PBXFileReference; fileEncoding = 4; lastKnownFileType = sourcecode.c.objc; path = ItemsViewController.m; sourceTree = "<group>"; };
		4B0884471777AE1D00BF2A25 /* ItemsViewController.xib */ = {isa = PBXFileReference; fileEncoding = 4; lastKnownFileType = file.xib; path = ItemsViewController.xib; sourceTree = "<group>"; };
		4B14630A184FAC9A003705FC /* FDataSnapshot+UtilityMethods.h */ = {isa = PBXFileReference; fileEncoding = 4; lastKnownFileType = sourcecode.c.h; path = "FDataSnapshot+UtilityMethods.h"; sourceTree = "<group>"; };
		4B14630B184FAC9A003705FC /* FDataSnapshot+UtilityMethods.m */ = {isa = PBXFileReference; fileEncoding = 4; lastKnownFileType = sourcecode.c.objc; path = "FDataSnapshot+UtilityMethods.m"; sourceTree = "<group>"; };
		4B53402E172B66C3003F9AE2 /* ImaList.app */ = {isa = PBXFileReference; explicitFileType = wrapper.application; includeInIndex = 0; path = ImaList.app; sourceTree = BUILT_PRODUCTS_DIR; };
		4B534031172B66C3003F9AE2 /* UIKit.framework */ = {isa = PBXFileReference; lastKnownFileType = wrapper.framework; name = UIKit.framework; path = System/Library/Frameworks/UIKit.framework; sourceTree = SDKROOT; };
		4B534033172B66C3003F9AE2 /* Foundation.framework */ = {isa = PBXFileReference; lastKnownFileType = wrapper.framework; name = Foundation.framework; path = System/Library/Frameworks/Foundation.framework; sourceTree = SDKROOT; };
		4B534035172B66C3003F9AE2 /* CoreGraphics.framework */ = {isa = PBXFileReference; lastKnownFileType = wrapper.framework; name = CoreGraphics.framework; path = System/Library/Frameworks/CoreGraphics.framework; sourceTree = SDKROOT; };
		4B53403D172B66C3003F9AE2 /* main.m */ = {isa = PBXFileReference; lastKnownFileType = sourcecode.c.objc; path = main.m; sourceTree = "<group>"; };
		4B534040172B66C3003F9AE2 /* AppDelegate.h */ = {isa = PBXFileReference; lastKnownFileType = sourcecode.c.h; path = AppDelegate.h; sourceTree = "<group>"; };
		4B534041172B66C3003F9AE2 /* AppDelegate.m */ = {isa = PBXFileReference; lastKnownFileType = sourcecode.c.objc; path = AppDelegate.m; sourceTree = "<group>"; };
		4B53404C172B66C3003F9AE2 /* MainViewController.h */ = {isa = PBXFileReference; lastKnownFileType = sourcecode.c.h; path = MainViewController.h; sourceTree = "<group>"; };
		4B53404D172B66C3003F9AE2 /* MainViewController.m */ = {isa = PBXFileReference; lastKnownFileType = sourcecode.c.objc; path = MainViewController.m; sourceTree = "<group>"; };
		4B53408A172F59F2003F9AE2 /* ImaListTests.octest */ = {isa = PBXFileReference; explicitFileType = wrapper.cfbundle; includeInIndex = 0; path = ImaListTests.octest; sourceTree = BUILT_PRODUCTS_DIR; };
		4B53408B172F59F2003F9AE2 /* SenTestingKit.framework */ = {isa = PBXFileReference; lastKnownFileType = wrapper.framework; name = SenTestingKit.framework; path = Library/Frameworks/SenTestingKit.framework; sourceTree = DEVELOPER_DIR; };
		4B534091172F59F2003F9AE2 /* ImaListTests-Info.plist */ = {isa = PBXFileReference; lastKnownFileType = text.plist.xml; path = "ImaListTests-Info.plist"; sourceTree = "<group>"; };
		4B534093172F59F2003F9AE2 /* en */ = {isa = PBXFileReference; lastKnownFileType = text.plist.strings; name = en; path = en.lproj/InfoPlist.strings; sourceTree = "<group>"; };
		4B534098172F59F2003F9AE2 /* ImaListTests-Prefix.pch */ = {isa = PBXFileReference; lastKnownFileType = sourcecode.c.h; path = "ImaListTests-Prefix.pch"; sourceTree = "<group>"; };
		4B552E17178465FB00342D70 /* OptionsView.h */ = {isa = PBXFileReference; fileEncoding = 4; lastKnownFileType = sourcecode.c.h; path = OptionsView.h; sourceTree = "<group>"; };
		4B552E18178465FB00342D70 /* OptionsView.m */ = {isa = PBXFileReference; fileEncoding = 4; lastKnownFileType = sourcecode.c.objc; path = OptionsView.m; sourceTree = "<group>"; };
		4B6CECAC17F8E64B003BD644 /* NSString+UtilityMethods.h */ = {isa = PBXFileReference; fileEncoding = 4; lastKnownFileType = sourcecode.c.h; path = "NSString+UtilityMethods.h"; sourceTree = "<group>"; };
		4B6CECAD17F8E64B003BD644 /* NSString+UtilityMethods.m */ = {isa = PBXFileReference; fileEncoding = 4; lastKnownFileType = sourcecode.c.objc; path = "NSString+UtilityMethods.m"; sourceTree = "<group>"; };
		4B7E85AE176C177900DAF07E /* EditorViewController.h */ = {isa = PBXFileReference; fileEncoding = 4; lastKnownFileType = sourcecode.c.h; path = EditorViewController.h; sourceTree = "<group>"; };
		4B7E85AF176C177900DAF07E /* EditorViewController.m */ = {isa = PBXFileReference; fileEncoding = 4; lastKnownFileType = sourcecode.c.objc; path = EditorViewController.m; sourceTree = "<group>"; };
		4B7E85B0176C177900DAF07E /* EditorViewController.xib */ = {isa = PBXFileReference; fileEncoding = 4; lastKnownFileType = file.xib; path = EditorViewController.xib; sourceTree = "<group>"; };
		4B7E85C5176E882C00DAF07E /* ItemTableCell.h */ = {isa = PBXFileReference; fileEncoding = 4; lastKnownFileType = sourcecode.c.h; path = ItemTableCell.h; sourceTree = "<group>"; };
		4B7E85C6176E882C00DAF07E /* ItemTableCell.m */ = {isa = PBXFileReference; fileEncoding = 4; lastKnownFileType = sourcecode.c.objc; path = ItemTableCell.m; sourceTree = "<group>"; };
		4B7E85C7176E882C00DAF07E /* ItemTableCell.xib */ = {isa = PBXFileReference; fileEncoding = 4; lastKnownFileType = file.xib; path = ItemTableCell.xib; sourceTree = "<group>"; };
		4B7E85D71771315F00DAF07E /* icon-delete-list.png */ = {isa = PBXFileReference; lastKnownFileType = image.png; path = "icon-delete-list.png"; sourceTree = "<group>"; };
		4B7E85D81771315F00DAF07E /* icon-delete-list@2x.png */ = {isa = PBXFileReference; lastKnownFileType = image.png; path = "icon-delete-list@2x.png"; sourceTree = "<group>"; };
		4B7E85DB1776357000DAF07E /* ItemListDataSource.m */ = {isa = PBXFileReference; fileEncoding = 4; lastKnownFileType = sourcecode.c.objc; path = ItemListDataSource.m; sourceTree = "<group>"; };
		4B7E85DD17765FB100DAF07E /* ListListDataSource.m */ = {isa = PBXFileReference; fileEncoding = 4; lastKnownFileType = sourcecode.c.objc; path = ListListDataSource.m; sourceTree = "<group>"; };
		4BAD099B176F8E3B000D74D5 /* ListCollectionCell.h */ = {isa = PBXFileReference; fileEncoding = 4; lastKnownFileType = sourcecode.c.h; path = ListCollectionCell.h; sourceTree = "<group>"; };
		4BAD099C176F8E3B000D74D5 /* ListCollectionCell.m */ = {isa = PBXFileReference; fileEncoding = 4; lastKnownFileType = sourcecode.c.objc; path = ListCollectionCell.m; sourceTree = "<group>"; };
		4BAD099F176F8E76000D74D5 /* ListCollectionCell.xib */ = {isa = PBXFileReference; fileEncoding = 4; lastKnownFileType = file.xib; path = ListCollectionCell.xib; sourceTree = "<group>"; };
		4BAD09BC1770F32A000D74D5 /* icon-checked.png */ = {isa = PBXFileReference; lastKnownFileType = image.png; path = "icon-checked.png"; sourceTree = "<group>"; };
		4BAD09BD1770F32A000D74D5 /* icon-checked@2x.png */ = {isa = PBXFileReference; lastKnownFileType = image.png; path = "icon-checked@2x.png"; sourceTree = "<group>"; };
		4BAD09BE1770F32A000D74D5 /* icon-clear.png */ = {isa = PBXFileReference; lastKnownFileType = image.png; path = "icon-clear.png"; sourceTree = "<group>"; };
		4BAD09BF1770F32A000D74D5 /* icon-clear@2x.png */ = {isa = PBXFileReference; lastKnownFileType = image.png; path = "icon-clear@2x.png"; sourceTree = "<group>"; };
		4BAD09C01770F32A000D74D5 /* icon-delete-item.png */ = {isa = PBXFileReference; lastKnownFileType = image.png; path = "icon-delete-item.png"; sourceTree = "<group>"; };
		4BAD09C11770F32A000D74D5 /* icon-delete-item@2x.png */ = {isa = PBXFileReference; lastKnownFileType = image.png; path = "icon-delete-item@2x.png"; sourceTree = "<group>"; };
		4BAD09C21770F32A000D74D5 /* icon-sort.png */ = {isa = PBXFileReference; lastKnownFileType = image.png; path = "icon-sort.png"; sourceTree = "<group>"; };
		4BAD09C31770F32A000D74D5 /* icon-sort@2x.png */ = {isa = PBXFileReference; lastKnownFileType = image.png; path = "icon-sort@2x.png"; sourceTree = "<group>"; };
		4BAD09C41770F32A000D74D5 /* icon-unchecked.png */ = {isa = PBXFileReference; lastKnownFileType = image.png; path = "icon-unchecked.png"; sourceTree = "<group>"; };
		4BAD09C51770F32A000D74D5 /* icon-unchecked@2x.png */ = {isa = PBXFileReference; lastKnownFileType = image.png; path = "icon-unchecked@2x.png"; sourceTree = "<group>"; };
		4BAD09C91770F32A000D74D5 /* icon-edit-lists.png */ = {isa = PBXFileReference; lastKnownFileType = image.png; path = "icon-edit-lists.png"; sourceTree = "<group>"; };
		4BAD09CA1770F32A000D74D5 /* icon-edit-lists@2x.png */ = {isa = PBXFileReference; lastKnownFileType = image.png; path = "icon-edit-lists@2x.png"; sourceTree = "<group>"; };
		4BAD09CB1770F32A000D74D5 /* icon-lists.png */ = {isa = PBXFileReference; lastKnownFileType = image.png; path = "icon-lists.png"; sourceTree = "<group>"; };
		4BAD09CC1770F32A000D74D5 /* icon-lists@2x.png */ = {isa = PBXFileReference; lastKnownFileType = image.png; path = "icon-lists@2x.png"; sourceTree = "<group>"; };
		4BAD09D81770F32A000D74D5 /* icon-add.png */ = {isa = PBXFileReference; lastKnownFileType = image.png; path = "icon-add.png"; sourceTree = "<group>"; };
		4BAD09D91770F32A000D74D5 /* icon-add@2x.png */ = {isa = PBXFileReference; lastKnownFileType = image.png; path = "icon-add@2x.png"; sourceTree = "<group>"; };
		4BAD0A3F177C9D59000D74D5 /* icon-login.png */ = {isa = PBXFileReference; lastKnownFileType = image.png; path = "icon-login.png"; sourceTree = "<group>"; };
		4BAD0A40177C9D5A000D74D5 /* icon-login@2x.png */ = {isa = PBXFileReference; lastKnownFileType = image.png; path = "icon-login@2x.png"; sourceTree = "<group>"; };
		4BC641C817792EE400C06E90 /* cancel-button-highlighted.png */ = {isa = PBXFileReference; lastKnownFileType = image.png; path = "cancel-button-highlighted.png"; sourceTree = "<group>"; };
		4BC641C917792EE400C06E90 /* done-button-highlighted.png */ = {isa = PBXFileReference; lastKnownFileType = image.png; path = "done-button-highlighted.png"; sourceTree = "<group>"; };
		4BC641CC1779314100C06E90 /* cancel-button.png */ = {isa = PBXFileReference; lastKnownFileType = image.png; path = "cancel-button.png"; sourceTree = "<group>"; };
		4BC641CD1779314100C06E90 /* done-button.png */ = {isa = PBXFileReference; lastKnownFileType = image.png; path = "done-button.png"; sourceTree = "<group>"; };
		4BC641D1177BB29E00C06E90 /* LoginViewController.h */ = {isa = PBXFileReference; fileEncoding = 4; lastKnownFileType = sourcecode.c.h; path = LoginViewController.h; sourceTree = "<group>"; };
		4BC641D2177BB29E00C06E90 /* LoginViewController.m */ = {isa = PBXFileReference; fileEncoding = 4; lastKnownFileType = sourcecode.c.objc; path = LoginViewController.m; sourceTree = "<group>"; };
		4BC641D8177BBEEF00C06E90 /* Accounts.framework */ = {isa = PBXFileReference; lastKnownFileType = wrapper.framework; name = Accounts.framework; path = System/Library/Frameworks/Accounts.framework; sourceTree = SDKROOT; };
		4BC641DA177BBEF600C06E90 /* Social.framework */ = {isa = PBXFileReference; lastKnownFileType = wrapper.framework; name = Social.framework; path = System/Library/Frameworks/Social.framework; sourceTree = SDKROOT; };
		4BC641DC177CF4D400C06E90 /* MainStoryboard.storyboard */ = {isa = PBXFileReference; fileEncoding = 4; lastKnownFileType = file.storyboard; path = MainStoryboard.storyboard; sourceTree = "<group>"; };
		4BC641DE177CF53B00C06E90 /* InfoPlist.strings */ = {isa = PBXFileReference; fileEncoding = 4; lastKnownFileType = text.plist.strings; name = InfoPlist.strings; path = "Supporting Files/InfoPlist.strings"; sourceTree = "<group>"; };
		4BC641E3177CF5CC00C06E90 /* ImaList-Info.plist */ = {isa = PBXFileReference; fileEncoding = 4; lastKnownFileType = text.plist.xml; path = "ImaList-Info.plist"; sourceTree = "<group>"; };
		4BC641E5177CF5F400C06E90 /* ImaList-Prefix.pch */ = {isa = PBXFileReference; fileEncoding = 4; lastKnownFileType = sourcecode.c.h; path = "ImaList-Prefix.pch"; sourceTree = "<group>"; };
		4BC641EC177CF6D100C06E90 /* FirebaseAuthClient.framework */ = {isa = PBXFileReference; lastKnownFileType = wrapper.framework; name = FirebaseAuthClient.framework; path = Frameworks/FirebaseAuthClient.framework; sourceTree = "<group>"; };
		4BC641F0177FE75600C06E90 /* icon-add-list.png */ = {isa = PBXFileReference; lastKnownFileType = image.png; path = "icon-add-list.png"; sourceTree = "<group>"; };
		4BC641F1177FE75600C06E90 /* icon-add-list@2x.png */ = {isa = PBXFileReference; lastKnownFileType = image.png; path = "icon-add-list@2x.png"; sourceTree = "<group>"; };
		4BC641F4177FEB3000C06E90 /* icon-editing-lists.png */ = {isa = PBXFileReference; lastKnownFileType = image.png; path = "icon-editing-lists.png"; sourceTree = "<group>"; };
		4BC641F5177FEB3000C06E90 /* icon-editing-lists@2x.png */ = {isa = PBXFileReference; lastKnownFileType = image.png; path = "icon-editing-lists@2x.png"; sourceTree = "<group>"; };
		4BC641F8178FAC4400C06E90 /* no-connection.png */ = {isa = PBXFileReference; lastKnownFileType = image.png; path = "no-connection.png"; sourceTree = "<group>"; };
		4BC641F9178FAC4400C06E90 /* no-connection@2x.png */ = {isa = PBXFileReference; lastKnownFileType = image.png; path = "no-connection@2x.png"; sourceTree = "<group>"; };
		4BC7EC57176F81300040E9FB /* ListsViewController.h */ = {isa = PBXFileReference; fileEncoding = 4; lastKnownFileType = sourcecode.c.h; path = ListsViewController.h; sourceTree = "<group>"; };
		4BC7EC58176F81300040E9FB /* ListsViewController.m */ = {isa = PBXFileReference; fileEncoding = 4; lastKnownFileType = sourcecode.c.objc; path = ListsViewController.m; sourceTree = "<group>"; };
		4BC7EC59176F81300040E9FB /* ListsViewController.xib */ = {isa = PBXFileReference; fileEncoding = 4; lastKnownFileType = file.xib; path = ListsViewController.xib; sourceTree = "<group>"; };
		4BC7EC5F176F829E0040E9FB /* Item.h */ = {isa = PBXFileReference; fileEncoding = 4; lastKnownFileType = sourcecode.c.h; path = Item.h; sourceTree = "<group>"; };
		4BC7EC60176F829E0040E9FB /* Item.m */ = {isa = PBXFileReference; fileEncoding = 4; lastKnownFileType = sourcecode.c.objc; path = Item.m; sourceTree = "<group>"; };
		4BC7EC61176F829E0040E9FB /* ItemListDataSource.h */ = {isa = PBXFileReference; fileEncoding = 4; lastKnownFileType = sourcecode.c.h; path = ItemListDataSource.h; sourceTree = "<group>"; };
		4BC7EC69176F82DA0040E9FB /* List.h */ = {isa = PBXFileReference; fileEncoding = 4; lastKnownFileType = sourcecode.c.h; path = List.h; sourceTree = "<group>"; };
		4BC7EC6A176F82DA0040E9FB /* List.m */ = {isa = PBXFileReference; fileEncoding = 4; lastKnownFileType = sourcecode.c.objc; path = List.m; sourceTree = "<group>"; };
		4BC7EC6D176F84340040E9FB /* ListListDataSource.h */ = {isa = PBXFileReference; fileEncoding = 4; lastKnownFileType = sourcecode.c.h; path = ListListDataSource.h; sourceTree = "<group>"; };
		4BCC99D5175289D000C3D825 /* QuartzCore.framework */ = {isa = PBXFileReference; lastKnownFileType = wrapper.framework; name = QuartzCore.framework; path = System/Library/Frameworks/QuartzCore.framework; sourceTree = SDKROOT; };
		4BDC9A2F17ED330A006519DB /* Images.xcassets */ = {isa = PBXFileReference; lastKnownFileType = folder.assetcatalog; path = Images.xcassets; sourceTree = "<group>"; };
		4BE48543180B15E500B918DC /* ItemPanHandler.h */ = {isa = PBXFileReference; fileEncoding = 4; lastKnownFileType = sourcecode.c.h; path = ItemPanHandler.h; sourceTree = "<group>"; };
		4BE48544180B15E500B918DC /* ItemPanHandler.m */ = {isa = PBXFileReference; fileEncoding = 4; lastKnownFileType = sourcecode.c.objc; path = ItemPanHandler.m; sourceTree = "<group>"; };
		4BFC3F1817F613490003AD44 /* icon-lists-open.png */ = {isa = PBXFileReference; lastKnownFileType = image.png; path = "icon-lists-open.png"; sourceTree = "<group>"; };
		4BFC3F1917F613490003AD44 /* icon-lists-open@2x.png */ = {isa = PBXFileReference; lastKnownFileType = image.png; path = "icon-lists-open@2x.png"; sourceTree = "<group>"; };
		4BFC3F1C17F7B1A70003AD44 /* icon-important.png */ = {isa = PBXFileReference; lastKnownFileType = image.png; path = "icon-important.png"; sourceTree = "<group>"; };
		4BFC3F1D17F7B1A70003AD44 /* icon-important@2x.png */ = {isa = PBXFileReference; lastKnownFileType = image.png; path = "icon-important@2x.png"; sourceTree = "<group>"; };
		4BFC3F1E17F7B1A70003AD44 /* icon-unimportant.png */ = {isa = PBXFileReference; lastKnownFileType = image.png; path = "icon-unimportant.png"; sourceTree = "<group>"; };
		4BFC3F1F17F7B1A70003AD44 /* icon-unimportant@2x.png */ = {isa = PBXFileReference; lastKnownFileType = image.png; path = "icon-unimportant@2x.png"; sourceTree = "<group>"; };
		7FE7D16BF8E648C0848B0712 /* Pods.xcconfig */ = {isa = PBXFileReference; includeInIndex = 1; lastKnownFileType = text.xcconfig; name = Pods.xcconfig; path = Pods/Pods.xcconfig; sourceTree = SOURCE_ROOT; };
		E9B636D51C3F404AB85E3302 /* libPods.a */ = {isa = PBXFileReference; explicitFileType = archive.ar; includeInIndex = 0; path = libPods.a; sourceTree = BUILT_PRODUCTS_DIR; };
		F75EF69AC1CE4BD882710606 /* Pods-ImaListTests.xcconfig */ = {isa = PBXFileReference; includeInIndex = 1; lastKnownFileType = text.xcconfig; name = "Pods-ImaListTests.xcconfig"; path = "Pods/Pods-ImaListTests.xcconfig"; sourceTree = SOURCE_ROOT; };
/* End PBXFileReference section */

/* Begin PBXFrameworksBuildPhase section */
		4B53402B172B66C3003F9AE2 /* Frameworks */ = {
			isa = PBXFrameworksBuildPhase;
			buildActionMask = 2147483647;
			files = (
				4BC641DB177BBEF600C06E90 /* Social.framework in Frameworks */,
				4BC641D9177BBEEF00C06E90 /* Accounts.framework in Frameworks */,
				4BCC99D6175289D000C3D825 /* QuartzCore.framework in Frameworks */,
				4B534032172B66C3003F9AE2 /* UIKit.framework in Frameworks */,
				4B534034172B66C3003F9AE2 /* Foundation.framework in Frameworks */,
				4B534036172B66C3003F9AE2 /* CoreGraphics.framework in Frameworks */,
				DD6007FF2E294ABDB593D137 /* libPods.a in Frameworks */,
				4BC641ED177CF6D100C06E90 /* FirebaseAuthClient.framework in Frameworks */,
			);
			runOnlyForDeploymentPostprocessing = 0;
		};
		4B534086172F59F2003F9AE2 /* Frameworks */ = {
			isa = PBXFrameworksBuildPhase;
			buildActionMask = 2147483647;
			files = (
				4B53408C172F59F2003F9AE2 /* SenTestingKit.framework in Frameworks */,
				4B53408D172F59F2003F9AE2 /* UIKit.framework in Frameworks */,
				4B53408E172F59F2003F9AE2 /* Foundation.framework in Frameworks */,
				18A0A26FBBC444A18E65BACF /* libPods-ImaListTests.a in Frameworks */,
			);
			runOnlyForDeploymentPostprocessing = 0;
		};
/* End PBXFrameworksBuildPhase section */

/* Begin PBXGroup section */
		4B0884441777ADE200BF2A25 /* ItemsView */ = {
			isa = PBXGroup;
			children = (
				4B0884451777AE1D00BF2A25 /* ItemsViewController.h */,
				4B0884461777AE1D00BF2A25 /* ItemsViewController.m */,
				4B0884471777AE1D00BF2A25 /* ItemsViewController.xib */,
			);
			path = ItemsView;
			sourceTree = "<group>";
		};
		4B534025172B66C3003F9AE2 = {
			isa = PBXGroup;
			children = (
				4B534037172B66C3003F9AE2 /* ImaList */,
				4B53408F172F59F2003F9AE2 /* ImaListTests */,
				4B534030172B66C3003F9AE2 /* Frameworks */,
				4B53402F172B66C3003F9AE2 /* Products */,
				F75EF69AC1CE4BD882710606 /* Pods-ImaListTests.xcconfig */,
				7FE7D16BF8E648C0848B0712 /* Pods.xcconfig */,
			);
			sourceTree = "<group>";
		};
		4B53402F172B66C3003F9AE2 /* Products */ = {
			isa = PBXGroup;
			children = (
				4B53402E172B66C3003F9AE2 /* ImaList.app */,
				4B53408A172F59F2003F9AE2 /* ImaListTests.octest */,
			);
			name = Products;
			sourceTree = "<group>";
		};
		4B534030172B66C3003F9AE2 /* Frameworks */ = {
			isa = PBXGroup;
			children = (
				4BC641EC177CF6D100C06E90 /* FirebaseAuthClient.framework */,
				4BC641DA177BBEF600C06E90 /* Social.framework */,
				4BC641D8177BBEEF00C06E90 /* Accounts.framework */,
				4BCC99D5175289D000C3D825 /* QuartzCore.framework */,
				4B534031172B66C3003F9AE2 /* UIKit.framework */,
				4B534033172B66C3003F9AE2 /* Foundation.framework */,
				4B534035172B66C3003F9AE2 /* CoreGraphics.framework */,
				4B53408B172F59F2003F9AE2 /* SenTestingKit.framework */,
				31595206A7E041189CC67E84 /* libPods-ImaListTests.a */,
				E9B636D51C3F404AB85E3302 /* libPods.a */,
			);
			name = Frameworks;
			sourceTree = "<group>";
		};
		4B534037172B66C3003F9AE2 /* ImaList */ = {
			isa = PBXGroup;
			children = (
				4B534040172B66C3003F9AE2 /* AppDelegate.h */,
				4B534041172B66C3003F9AE2 /* AppDelegate.m */,
				4B7E85AD176C177900DAF07E /* EditorView */,
				4BC7EC5E176F829E0040E9FB /* ItemModel */,
				4B7E85C4176E882C00DAF07E /* ItemTableCell */,
				4B0884441777ADE200BF2A25 /* ItemsView */,
				4BAD099A176F8E17000D74D5 /* ListCollectionCell */,
				4BC7EC68176F82C70040E9FB /* ListModel */,
				4BC7EC56176F81160040E9FB /* ListsView */,
				4BC641D0177BB27100C06E90 /* LoginViewController */,
				4BC641DC177CF4D400C06E90 /* MainStoryboard.storyboard */,
				4B53404C172B66C3003F9AE2 /* MainViewController.h */,
				4B53404D172B66C3003F9AE2 /* MainViewController.m */,
				4B552E161784655700342D70 /* OptionsView */,
				4B6CECAB17F8E62A003BD644 /* Utility */,
				4BAD09AB1770F32A000D74D5 /* UI */,
				4BDC9A2F17ED330A006519DB /* Images.xcassets */,
				4B534038172B66C3003F9AE2 /* Supporting Files */,
			);
			path = ImaList;
			sourceTree = "<group>";
		};
		4B534038172B66C3003F9AE2 /* Supporting Files */ = {
			isa = PBXGroup;
			children = (
				4BC641E3177CF5CC00C06E90 /* ImaList-Info.plist */,
				4BC641E5177CF5F400C06E90 /* ImaList-Prefix.pch */,
				4BC641DE177CF53B00C06E90 /* InfoPlist.strings */,
				4B53403D172B66C3003F9AE2 /* main.m */,
			);
			name = "Supporting Files";
			sourceTree = "<group>";
		};
		4B53408F172F59F2003F9AE2 /* ImaListTests */ = {
			isa = PBXGroup;
			children = (
				4B534090172F59F2003F9AE2 /* Supporting Files */,
			);
			path = ImaListTests;
			sourceTree = "<group>";
		};
		4B534090172F59F2003F9AE2 /* Supporting Files */ = {
			isa = PBXGroup;
			children = (
				4B534091172F59F2003F9AE2 /* ImaListTests-Info.plist */,
				4B534092172F59F2003F9AE2 /* InfoPlist.strings */,
				4B534098172F59F2003F9AE2 /* ImaListTests-Prefix.pch */,
			);
			name = "Supporting Files";
			sourceTree = "<group>";
		};
		4B552E161784655700342D70 /* OptionsView */ = {
			isa = PBXGroup;
			children = (
				4B552E17178465FB00342D70 /* OptionsView.h */,
				4B552E18178465FB00342D70 /* OptionsView.m */,
			);
			path = OptionsView;
			sourceTree = "<group>";
		};
		4B6CECAB17F8E62A003BD644 /* Utility */ = {
			isa = PBXGroup;
			children = (
				4B6CECAC17F8E64B003BD644 /* NSString+UtilityMethods.h */,
				4B6CECAD17F8E64B003BD644 /* NSString+UtilityMethods.m */,
				4B14630A184FAC9A003705FC /* FDataSnapshot+UtilityMethods.h */,
				4B14630B184FAC9A003705FC /* FDataSnapshot+UtilityMethods.m */,
			);
			path = Utility;
			sourceTree = "<group>";
		};
		4B7E85AD176C177900DAF07E /* EditorView */ = {
			isa = PBXGroup;
			children = (
				4B7E85AE176C177900DAF07E /* EditorViewController.h */,
				4B7E85AF176C177900DAF07E /* EditorViewController.m */,
				4B7E85B0176C177900DAF07E /* EditorViewController.xib */,
			);
			path = EditorView;
			sourceTree = "<group>";
		};
		4B7E85C4176E882C00DAF07E /* ItemTableCell */ = {
			isa = PBXGroup;
			children = (
				4BE48543180B15E500B918DC /* ItemPanHandler.h */,
				4BE48544180B15E500B918DC /* ItemPanHandler.m */,
				4B7E85C5176E882C00DAF07E /* ItemTableCell.h */,
				4B7E85C6176E882C00DAF07E /* ItemTableCell.m */,
				4B7E85C7176E882C00DAF07E /* ItemTableCell.xib */,
			);
			path = ItemTableCell;
			sourceTree = "<group>";
		};
		4BAD099A176F8E17000D74D5 /* ListCollectionCell */ = {
			isa = PBXGroup;
			children = (
				4BAD099B176F8E3B000D74D5 /* ListCollectionCell.h */,
				4BAD099C176F8E3B000D74D5 /* ListCollectionCell.m */,
				4BAD099F176F8E76000D74D5 /* ListCollectionCell.xib */,
			);
			path = ListCollectionCell;
			sourceTree = "<group>";
		};
		4BAD09AB1770F32A000D74D5 /* UI */ = {
			isa = PBXGroup;
			children = (
				4BAD09BB1770F32A000D74D5 /* items */,
				4BAD09C81770F32A000D74D5 /* lists */,
				4BAD09CF1770F32A000D74D5 /* shared */,
			);
			path = UI;
			sourceTree = "<group>";
		};
		4BAD09BB1770F32A000D74D5 /* items */ = {
			isa = PBXGroup;
			children = (
				4BAD09BC1770F32A000D74D5 /* icon-checked.png */,
				4BAD09BD1770F32A000D74D5 /* icon-checked@2x.png */,
				4BAD09BE1770F32A000D74D5 /* icon-clear.png */,
				4BAD09BF1770F32A000D74D5 /* icon-clear@2x.png */,
				4BAD09C01770F32A000D74D5 /* icon-delete-item.png */,
				4BAD09C11770F32A000D74D5 /* icon-delete-item@2x.png */,
				4B0626D917FFB0DE00433982 /* icon-important-marker.png */,
				4B0626DA17FFB0DE00433982 /* icon-important-marker@2x.png */,
				4BFC3F1C17F7B1A70003AD44 /* icon-important.png */,
				4BFC3F1D17F7B1A70003AD44 /* icon-important@2x.png */,
				4BAD09C21770F32A000D74D5 /* icon-sort.png */,
				4BAD09C31770F32A000D74D5 /* icon-sort@2x.png */,
				4BAD09C41770F32A000D74D5 /* icon-unchecked.png */,
				4BAD09C51770F32A000D74D5 /* icon-unchecked@2x.png */,
				4BFC3F1E17F7B1A70003AD44 /* icon-unimportant.png */,
				4BFC3F1F17F7B1A70003AD44 /* icon-unimportant@2x.png */,
			);
			path = items;
			sourceTree = "<group>";
		};
		4BAD09C81770F32A000D74D5 /* lists */ = {
			isa = PBXGroup;
			children = (
				4BC641F0177FE75600C06E90 /* icon-add-list.png */,
				4BC641F1177FE75600C06E90 /* icon-add-list@2x.png */,
				4B7E85D71771315F00DAF07E /* icon-delete-list.png */,
				4B7E85D81771315F00DAF07E /* icon-delete-list@2x.png */,
				4BAD09C91770F32A000D74D5 /* icon-edit-lists.png */,
				4BAD09CA1770F32A000D74D5 /* icon-edit-lists@2x.png */,
				4BC641F4177FEB3000C06E90 /* icon-editing-lists.png */,
				4BC641F5177FEB3000C06E90 /* icon-editing-lists@2x.png */,
				4BFC3F1817F613490003AD44 /* icon-lists-open.png */,
				4BFC3F1917F613490003AD44 /* icon-lists-open@2x.png */,
				4BAD09CB1770F32A000D74D5 /* icon-lists.png */,
				4BAD09CC1770F32A000D74D5 /* icon-lists@2x.png */,
			);
			path = lists;
			sourceTree = "<group>";
		};
		4BAD09CF1770F32A000D74D5 /* shared */ = {
			isa = PBXGroup;
			children = (
				4BC641CC1779314100C06E90 /* cancel-button.png */,
				4BC641C817792EE400C06E90 /* cancel-button-highlighted.png */,
				4BC641CD1779314100C06E90 /* done-button.png */,
				4BC641C917792EE400C06E90 /* done-button-highlighted.png */,
				4BAD09D81770F32A000D74D5 /* icon-add.png */,
				4BAD09D91770F32A000D74D5 /* icon-add@2x.png */,
				4BAD0A3F177C9D59000D74D5 /* icon-login.png */,
				4BAD0A40177C9D5A000D74D5 /* icon-login@2x.png */,
				4BC641F8178FAC4400C06E90 /* no-connection.png */,
				4BC641F9178FAC4400C06E90 /* no-connection@2x.png */,
			);
			path = shared;
			sourceTree = "<group>";
		};
		4BC641D0177BB27100C06E90 /* LoginViewController */ = {
			isa = PBXGroup;
			children = (
				4BC641D1177BB29E00C06E90 /* LoginViewController.h */,
				4BC641D2177BB29E00C06E90 /* LoginViewController.m */,
			);
			path = LoginViewController;
			sourceTree = "<group>";
		};
		4BC7EC56176F81160040E9FB /* ListsView */ = {
			isa = PBXGroup;
			children = (
				4BC7EC57176F81300040E9FB /* ListsViewController.h */,
				4BC7EC58176F81300040E9FB /* ListsViewController.m */,
				4BC7EC59176F81300040E9FB /* ListsViewController.xib */,
			);
			path = ListsView;
			sourceTree = "<group>";
		};
		4BC7EC5E176F829E0040E9FB /* ItemModel */ = {
			isa = PBXGroup;
			children = (
				4BC7EC5F176F829E0040E9FB /* Item.h */,
				4BC7EC60176F829E0040E9FB /* Item.m */,
				4BC7EC61176F829E0040E9FB /* ItemListDataSource.h */,
				4B7E85DB1776357000DAF07E /* ItemListDataSource.m */,
			);
			path = ItemModel;
			sourceTree = "<group>";
		};
		4BC7EC68176F82C70040E9FB /* ListModel */ = {
			isa = PBXGroup;
			children = (
				4BC7EC69176F82DA0040E9FB /* List.h */,
				4BC7EC6A176F82DA0040E9FB /* List.m */,
				4BC7EC6D176F84340040E9FB /* ListListDataSource.h */,
				4B7E85DD17765FB100DAF07E /* ListListDataSource.m */,
			);
			path = ListModel;
			sourceTree = "<group>";
		};
/* End PBXGroup section */

/* Begin PBXNativeTarget section */
		4B53402D172B66C3003F9AE2 /* ImaList */ = {
			isa = PBXNativeTarget;
			buildConfigurationList = 4B534051172B66C3003F9AE2 /* Build configuration list for PBXNativeTarget "ImaList" */;
			buildPhases = (
				1CC94E467DF344A783A83D6A /* Check Pods Manifest.lock */,
				4B53402A172B66C3003F9AE2 /* Sources */,
				4B53402B172B66C3003F9AE2 /* Frameworks */,
				4B53402C172B66C3003F9AE2 /* Resources */,
				9E333C7308964F249D7BDD8A /* Copy Pods Resources */,
			);
			buildRules = (
			);
			dependencies = (
			);
			name = ImaList;
			productName = ImaList;
			productReference = 4B53402E172B66C3003F9AE2 /* ImaList.app */;
			productType = "com.apple.product-type.application";
		};
		4B534089172F59F2003F9AE2 /* ImaListTests */ = {
			isa = PBXNativeTarget;
			buildConfigurationList = 4B534099172F59F2003F9AE2 /* Build configuration list for PBXNativeTarget "ImaListTests" */;
			buildPhases = (
				A8E98CB5442542AB94865370 /* Check Pods Manifest.lock */,
				4B534085172F59F2003F9AE2 /* Sources */,
				4B534086172F59F2003F9AE2 /* Frameworks */,
				4B534087172F59F2003F9AE2 /* Resources */,
				4B534088172F59F2003F9AE2 /* ShellScript */,
				2112D09E8AA54C78BDF59415 /* Copy Pods Resources */,
			);
			buildRules = (
			);
			dependencies = (
			);
			name = ImaListTests;
			productName = ImaListTests;
			productReference = 4B53408A172F59F2003F9AE2 /* ImaListTests.octest */;
			productType = "com.apple.product-type.bundle";
		};
/* End PBXNativeTarget section */

/* Begin PBXProject section */
		4B534026172B66C3003F9AE2 /* Project object */ = {
			isa = PBXProject;
			attributes = {
				CLASSPREFIX = CRB;
				LastUpgradeCheck = 0460;
				ORGANIZATIONNAME = CB;
			};
			buildConfigurationList = 4B534029172B66C3003F9AE2 /* Build configuration list for PBXProject "ImaList" */;
			compatibilityVersion = "Xcode 3.2";
			developmentRegion = English;
			hasScannedForEncodings = 0;
			knownRegions = (
				en,
			);
			mainGroup = 4B534025172B66C3003F9AE2;
			productRefGroup = 4B53402F172B66C3003F9AE2 /* Products */;
			projectDirPath = "";
			projectRoot = "";
			targets = (
				4B53402D172B66C3003F9AE2 /* ImaList */,
				4B534089172F59F2003F9AE2 /* ImaListTests */,
			);
		};
/* End PBXProject section */

/* Begin PBXResourcesBuildPhase section */
		4B53402C172B66C3003F9AE2 /* Resources */ = {
			isa = PBXResourcesBuildPhase;
			buildActionMask = 2147483647;
			files = (
				4B7E85B3176C177900DAF07E /* EditorViewController.xib in Resources */,
				4B7E85CA176E882C00DAF07E /* ItemTableCell.xib in Resources */,
				4BC7EC5C176F81300040E9FB /* ListsViewController.xib in Resources */,
				4BFC3F2117F7B1A70003AD44 /* icon-important@2x.png in Resources */,
				4BAD09A0176F8E76000D74D5 /* ListCollectionCell.xib in Resources */,
				4BAD09E81770F32A000D74D5 /* icon-checked.png in Resources */,
				4BAD09E91770F32A000D74D5 /* icon-checked@2x.png in Resources */,
				4B0626DB17FFB0DE00433982 /* icon-important-marker.png in Resources */,
				4BAD09EA1770F32A000D74D5 /* icon-clear.png in Resources */,
				4BAD09EB1770F32A000D74D5 /* icon-clear@2x.png in Resources */,
				4BAD09EC1770F32A000D74D5 /* icon-delete-item.png in Resources */,
				4BFC3F2017F7B1A70003AD44 /* icon-important.png in Resources */,
				4BAD09ED1770F32A000D74D5 /* icon-delete-item@2x.png in Resources */,
				4BFC3F1A17F613490003AD44 /* icon-lists-open.png in Resources */,
				4BAD09EE1770F32B000D74D5 /* icon-sort.png in Resources */,
				4BAD09EF1770F32B000D74D5 /* icon-sort@2x.png in Resources */,
				4BAD09F01770F32B000D74D5 /* icon-unchecked.png in Resources */,
				4BAD09F11770F32B000D74D5 /* icon-unchecked@2x.png in Resources */,
				4BFC3F1B17F613490003AD44 /* icon-lists-open@2x.png in Resources */,
				4BAD09F41770F32B000D74D5 /* icon-edit-lists.png in Resources */,
				4BAD09F51770F32B000D74D5 /* icon-edit-lists@2x.png in Resources */,
				4BAD09F61770F32B000D74D5 /* icon-lists.png in Resources */,
				4BAD09F71770F32B000D74D5 /* icon-lists@2x.png in Resources */,
				4BAD0A021770F32B000D74D5 /* icon-add.png in Resources */,
				4BAD0A031770F32B000D74D5 /* icon-add@2x.png in Resources */,
				4B7E85D91771315F00DAF07E /* icon-delete-list.png in Resources */,
				4BFC3F2317F7B1A70003AD44 /* icon-unimportant@2x.png in Resources */,
				4B7E85DA1771316000DAF07E /* icon-delete-list@2x.png in Resources */,
				4B0884491777AE1D00BF2A25 /* ItemsViewController.xib in Resources */,
				4BC641CA17792EE400C06E90 /* cancel-button-highlighted.png in Resources */,
				4BC641CB17792EE400C06E90 /* done-button-highlighted.png in Resources */,
				4BC641CE1779314100C06E90 /* cancel-button.png in Resources */,
				4BFC3F2217F7B1A70003AD44 /* icon-unimportant.png in Resources */,
				4BC641CF1779314100C06E90 /* done-button.png in Resources */,
				4B0626DC17FFB0DE00433982 /* icon-important-marker@2x.png in Resources */,
				4BAD0A41177C9D5A000D74D5 /* icon-login.png in Resources */,
				4BAD0A42177C9D5A000D74D5 /* icon-login@2x.png in Resources */,
				4BC641DD177CF4D400C06E90 /* MainStoryboard.storyboard in Resources */,
				4BDC9A3017ED330A006519DB /* Images.xcassets in Resources */,
				4BC641F2177FE75600C06E90 /* icon-add-list.png in Resources */,
				4BC641F3177FE75600C06E90 /* icon-add-list@2x.png in Resources */,
				4BC641F6177FEB3000C06E90 /* icon-editing-lists.png in Resources */,
				4BC641F7177FEB3000C06E90 /* icon-editing-lists@2x.png in Resources */,
				4BC641FA178FAC4400C06E90 /* no-connection.png in Resources */,
				4BC641FB178FAC4400C06E90 /* no-connection@2x.png in Resources */,
			);
			runOnlyForDeploymentPostprocessing = 0;
		};
		4B534087172F59F2003F9AE2 /* Resources */ = {
			isa = PBXResourcesBuildPhase;
			buildActionMask = 2147483647;
			files = (
				4B534094172F59F2003F9AE2 /* InfoPlist.strings in Resources */,
				4B7E85B4176C177900DAF07E /* EditorViewController.xib in Resources */,
				4B7E85CB176E882C00DAF07E /* ItemTableCell.xib in Resources */,
				4BC7EC5D176F81300040E9FB /* ListsViewController.xib in Resources */,
				4BAD09A1176F8E76000D74D5 /* ListCollectionCell.xib in Resources */,
			);
			runOnlyForDeploymentPostprocessing = 0;
		};
/* End PBXResourcesBuildPhase section */

/* Begin PBXShellScriptBuildPhase section */
		1CC94E467DF344A783A83D6A /* Check Pods Manifest.lock */ = {
			isa = PBXShellScriptBuildPhase;
			buildActionMask = 2147483647;
			files = (
			);
			inputPaths = (
			);
			name = "Check Pods Manifest.lock";
			outputPaths = (
			);
			runOnlyForDeploymentPostprocessing = 0;
			shellPath = /bin/sh;
			shellScript = "diff \"${PODS_ROOT}/../Podfile.lock\" \"${PODS_ROOT}/Manifest.lock\" > /dev/null\nif [[ $? != 0 ]] ; then\n    cat << EOM\nerror: The sandbox is not in sync with the Podfile.lock. Run 'pod install' or update your CocoaPods installation.\nEOM\n    exit 1\nfi\n";
		};
		2112D09E8AA54C78BDF59415 /* Copy Pods Resources */ = {
			isa = PBXShellScriptBuildPhase;
			buildActionMask = 2147483647;
			files = (
			);
			inputPaths = (
			);
			name = "Copy Pods Resources";
			outputPaths = (
			);
			runOnlyForDeploymentPostprocessing = 0;
			shellPath = /bin/sh;
			shellScript = "\"${SRCROOT}/Pods/Pods-ImaListTests-resources.sh\"\n";
		};
		4B534088172F59F2003F9AE2 /* ShellScript */ = {
			isa = PBXShellScriptBuildPhase;
			buildActionMask = 2147483647;
			files = (
			);
			inputPaths = (
			);
			outputPaths = (
			);
			runOnlyForDeploymentPostprocessing = 0;
			shellPath = /bin/sh;
			shellScript = "# Run the unit tests in this test bundle.\n\"${SYSTEM_DEVELOPER_DIR}/Tools/RunUnitTests\"\n";
		};
		9E333C7308964F249D7BDD8A /* Copy Pods Resources */ = {
			isa = PBXShellScriptBuildPhase;
			buildActionMask = 2147483647;
			files = (
			);
			inputPaths = (
			);
			name = "Copy Pods Resources";
			outputPaths = (
			);
			runOnlyForDeploymentPostprocessing = 0;
			shellPath = /bin/sh;
			shellScript = "\"${SRCROOT}/Pods/Pods-resources.sh\"\n";
		};
		A8E98CB5442542AB94865370 /* Check Pods Manifest.lock */ = {
			isa = PBXShellScriptBuildPhase;
			buildActionMask = 2147483647;
			files = (
			);
			inputPaths = (
			);
			name = "Check Pods Manifest.lock";
			outputPaths = (
			);
			runOnlyForDeploymentPostprocessing = 0;
			shellPath = /bin/sh;
			shellScript = "diff \"${PODS_ROOT}/../Podfile.lock\" \"${PODS_ROOT}/Manifest.lock\" > /dev/null\nif [[ $? != 0 ]] ; then\n    cat << EOM\nerror: The sanbox is not in sync with the Podfile.lock. Run 'pod install'.\nEOM\n    exit 1\nfi\n";
		};
/* End PBXShellScriptBuildPhase section */

/* Begin PBXSourcesBuildPhase section */
		4B53402A172B66C3003F9AE2 /* Sources */ = {
			isa = PBXSourcesBuildPhase;
			buildActionMask = 2147483647;
			files = (
				4B53403E172B66C3003F9AE2 /* main.m in Sources */,
				4B534042172B66C3003F9AE2 /* AppDelegate.m in Sources */,
				4B53404E172B66C3003F9AE2 /* MainViewController.m in Sources */,
				4B7E85B1176C177900DAF07E /* EditorViewController.m in Sources */,
				4B7E85C8176E882C00DAF07E /* ItemTableCell.m in Sources */,
				4BC7EC5A176F81300040E9FB /* ListsViewController.m in Sources */,
				4B14630C184FAC9A003705FC /* FDataSnapshot+UtilityMethods.m in Sources */,
				4B6CECAE17F8E64B003BD644 /* NSString+UtilityMethods.m in Sources */,
				4BE48545180B15E500B918DC /* ItemPanHandler.m in Sources */,
				4BC7EC64176F829E0040E9FB /* Item.m in Sources */,
				4BC7EC6B176F82DA0040E9FB /* List.m in Sources */,
				4BAD099D176F8E3B000D74D5 /* ListCollectionCell.m in Sources */,
				4B7E85DC1776357000DAF07E /* ItemListDataSource.m in Sources */,
				4B7E85DE17765FB100DAF07E /* ListListDataSource.m in Sources */,
				4B0884481777AE1D00BF2A25 /* ItemsViewController.m in Sources */,
				4BC641D4177BB29E00C06E90 /* LoginViewController.m in Sources */,
				4B552E19178465FB00342D70 /* OptionsView.m in Sources */,
			);
			runOnlyForDeploymentPostprocessing = 0;
		};
		4B534085172F59F2003F9AE2 /* Sources */ = {
			isa = PBXSourcesBuildPhase;
			buildActionMask = 2147483647;
			files = (
				4B7E85B2176C177900DAF07E /* EditorViewController.m in Sources */,
				4B7E85C9176E882C00DAF07E /* ItemTableCell.m in Sources */,
				4BC7EC5B176F81300040E9FB /* ListsViewController.m in Sources */,
				4BC7EC65176F829E0040E9FB /* Item.m in Sources */,
				4BC7EC6C176F82DA0040E9FB /* List.m in Sources */,
				4BAD099E176F8E3B000D74D5 /* ListCollectionCell.m in Sources */,
			);
			runOnlyForDeploymentPostprocessing = 0;
		};
/* End PBXSourcesBuildPhase section */

/* Begin PBXVariantGroup section */
		4B534092172F59F2003F9AE2 /* InfoPlist.strings */ = {
			isa = PBXVariantGroup;
			children = (
				4B534093172F59F2003F9AE2 /* en */,
			);
			name = InfoPlist.strings;
			sourceTree = "<group>";
		};
/* End PBXVariantGroup section */

/* Begin XCBuildConfiguration section */
		4B53404F172B66C3003F9AE2 /* Debug */ = {
			isa = XCBuildConfiguration;
			baseConfigurationReference = F75EF69AC1CE4BD882710606 /* Pods-ImaListTests.xcconfig */;
			buildSettings = {
				CLANG_CXX_LANGUAGE_STANDARD = "gnu++0x";
				CLANG_CXX_LIBRARY = "libc++";
				CLANG_ENABLE_OBJC_ARC = YES;
				CLANG_WARN_CONSTANT_CONVERSION = YES;
				CLANG_WARN_EMPTY_BODY = YES;
				CLANG_WARN_ENUM_CONVERSION = YES;
				CLANG_WARN_INT_CONVERSION = YES;
				CLANG_WARN__DUPLICATE_METHOD_MATCH = YES;
				CODE_SIGN_IDENTITY = "iPhone Developer: Chris Breiding (JV5N44SD65)";
				"CODE_SIGN_IDENTITY[sdk=iphoneos*]" = "iPhone Developer: Chris Breiding (JV5N44SD65)";
				COPY_PHASE_STRIP = NO;
				GCC_C_LANGUAGE_STANDARD = gnu99;
				GCC_DYNAMIC_NO_PIC = NO;
				GCC_OPTIMIZATION_LEVEL = 0;
				GCC_PREPROCESSOR_DEFINITIONS = (
					"DEBUG=1",
					"$(inherited)",
				);
				GCC_SYMBOLS_PRIVATE_EXTERN = NO;
				GCC_WARN_ABOUT_RETURN_TYPE = YES;
				GCC_WARN_UNINITIALIZED_AUTOS = YES;
				GCC_WARN_UNUSED_VARIABLE = YES;
				HEADER_SEARCH_PATHS = (
					"${PODS_HEADERS_SEARCH_PATHS}",
					"$(inherit)",
				);
				IPHONEOS_DEPLOYMENT_TARGET = 6.1;
				ONLY_ACTIVE_ARCH = YES;
				PROVISIONING_PROFILE = "240EB5FC-4363-4694-8CE3-7E601939E351";
				"PROVISIONING_PROFILE[sdk=iphoneos*]" = "240EB5FC-4363-4694-8CE3-7E601939E351";
				SDKROOT = iphoneos;
			};
			name = Debug;
		};
		4B534050172B66C3003F9AE2 /* Release */ = {
			isa = XCBuildConfiguration;
			baseConfigurationReference = F75EF69AC1CE4BD882710606 /* Pods-ImaListTests.xcconfig */;
			buildSettings = {
				CLANG_CXX_LANGUAGE_STANDARD = "gnu++0x";
				CLANG_CXX_LIBRARY = "libc++";
				CLANG_ENABLE_OBJC_ARC = YES;
				CLANG_WARN_CONSTANT_CONVERSION = YES;
				CLANG_WARN_EMPTY_BODY = YES;
				CLANG_WARN_ENUM_CONVERSION = YES;
				CLANG_WARN_INT_CONVERSION = YES;
				CLANG_WARN__DUPLICATE_METHOD_MATCH = YES;
				CODE_SIGN_IDENTITY = "iPhone Developer: Chris Breiding (JV5N44SD65)";
				"CODE_SIGN_IDENTITY[sdk=iphoneos*]" = "iPhone Developer: Chris Breiding (JV5N44SD65)";
				COPY_PHASE_STRIP = YES;
				GCC_C_LANGUAGE_STANDARD = gnu99;
				GCC_WARN_ABOUT_RETURN_TYPE = YES;
				GCC_WARN_UNINITIALIZED_AUTOS = YES;
				GCC_WARN_UNUSED_VARIABLE = YES;
				HEADER_SEARCH_PATHS = (
					"${PODS_HEADERS_SEARCH_PATHS}",
					"$(inherit)",
				);
				IPHONEOS_DEPLOYMENT_TARGET = 6.1;
				OTHER_CFLAGS = "-DNS_BLOCK_ASSERTIONS=1";
				PROVISIONING_PROFILE = "240EB5FC-4363-4694-8CE3-7E601939E351";
				"PROVISIONING_PROFILE[sdk=iphoneos*]" = "240EB5FC-4363-4694-8CE3-7E601939E351";
				SDKROOT = iphoneos;
				VALIDATE_PRODUCT = YES;
			};
			name = Release;
		};
		4B534052172B66C3003F9AE2 /* Debug */ = {
			isa = XCBuildConfiguration;
			baseConfigurationReference = 7FE7D16BF8E648C0848B0712 /* Pods.xcconfig */;
			buildSettings = {
				ASSETCATALOG_COMPILER_APPICON_NAME = AppIcon;
				ASSETCATALOG_COMPILER_LAUNCHIMAGE_NAME = LaunchImage;
				FRAMEWORK_SEARCH_PATHS = (
					"$(inherited)",
					"\"$(SRCROOT)\"",
					"\"$(SRCROOT)/Frameworks\"",
				);
				GCC_PRECOMPILE_PREFIX_HEADER = YES;
				GCC_PREFIX_HEADER = "ImaList/ImaList-Prefix.pch";
				INFOPLIST_FILE = "ImaList/ImaList-Info.plist";
				PRODUCT_NAME = "$(TARGET_NAME)";
				WRAPPER_EXTENSION = app;
			};
			name = Debug;
		};
		4B534053172B66C3003F9AE2 /* Release */ = {
			isa = XCBuildConfiguration;
			baseConfigurationReference = 7FE7D16BF8E648C0848B0712 /* Pods.xcconfig */;
			buildSettings = {
				ASSETCATALOG_COMPILER_APPICON_NAME = AppIcon;
				ASSETCATALOG_COMPILER_LAUNCHIMAGE_NAME = LaunchImage;
				FRAMEWORK_SEARCH_PATHS = (
					"$(inherited)",
					"\"$(SRCROOT)\"",
					"\"$(SRCROOT)/Frameworks\"",
				);
				GCC_PRECOMPILE_PREFIX_HEADER = YES;
				GCC_PREFIX_HEADER = "ImaList/ImaList-Prefix.pch";
				INFOPLIST_FILE = "ImaList/ImaList-Info.plist";
				PRODUCT_NAME = "$(TARGET_NAME)";
				WRAPPER_EXTENSION = app;
			};
			name = Release;
		};
		4B53409A172F59F2003F9AE2 /* Debug */ = {
			isa = XCBuildConfiguration;
			baseConfigurationReference = F75EF69AC1CE4BD882710606 /* Pods-ImaListTests.xcconfig */;
			buildSettings = {
				BUNDLE_LOADER = "$(BUILT_PRODUCTS_DIR)/ImaList.app/ImaList";
				FRAMEWORK_SEARCH_PATHS = (
					"\"$(SDKROOT)/Developer/Library/Frameworks\"",
					"\"$(DEVELOPER_LIBRARY_DIR)/Frameworks\"",
				);
				GCC_PRECOMPILE_PREFIX_HEADER = YES;
				GCC_PREFIX_HEADER = "ImaListTests/ImaListTests-Prefix.pch";
				INFOPLIST_FILE = "ImaListTests/ImaListTests-Info.plist";
				PRODUCT_NAME = "$(TARGET_NAME)";
				TEST_HOST = "$(BUNDLE_LOADER)";
				WRAPPER_EXTENSION = octest;
			};
			name = Debug;
		};
		4B53409B172F59F2003F9AE2 /* Release */ = {
			isa = XCBuildConfiguration;
			baseConfigurationReference = F75EF69AC1CE4BD882710606 /* Pods-ImaListTests.xcconfig */;
			buildSettings = {
				BUNDLE_LOADER = "$(BUILT_PRODUCTS_DIR)/ImaList.app/ImaList";
				FRAMEWORK_SEARCH_PATHS = (
					"\"$(SDKROOT)/Developer/Library/Frameworks\"",
					"\"$(DEVELOPER_LIBRARY_DIR)/Frameworks\"",
				);
				GCC_PRECOMPILE_PREFIX_HEADER = YES;
				GCC_PREFIX_HEADER = "ImaListTests/ImaListTests-Prefix.pch";
				INFOPLIST_FILE = "ImaListTests/ImaListTests-Info.plist";
				PRODUCT_NAME = "$(TARGET_NAME)";
				TEST_HOST = "$(BUNDLE_LOADER)";
				WRAPPER_EXTENSION = octest;
			};
			name = Release;
		};
/* End XCBuildConfiguration section */

/* Begin XCConfigurationList section */
		4B534029172B66C3003F9AE2 /* Build configuration list for PBXProject "ImaList" */ = {
			isa = XCConfigurationList;
			buildConfigurations = (
				4B53404F172B66C3003F9AE2 /* Debug */,
				4B534050172B66C3003F9AE2 /* Release */,
			);
			defaultConfigurationIsVisible = 0;
			defaultConfigurationName = Release;
		};
		4B534051172B66C3003F9AE2 /* Build configuration list for PBXNativeTarget "ImaList" */ = {
			isa = XCConfigurationList;
			buildConfigurations = (
				4B534052172B66C3003F9AE2 /* Debug */,
				4B534053172B66C3003F9AE2 /* Release */,
			);
			defaultConfigurationIsVisible = 0;
			defaultConfigurationName = Release;
		};
		4B534099172F59F2003F9AE2 /* Build configuration list for PBXNativeTarget "ImaListTests" */ = {
			isa = XCConfigurationList;
			buildConfigurations = (
				4B53409A172F59F2003F9AE2 /* Debug */,
				4B53409B172F59F2003F9AE2 /* Release */,
			);
			defaultConfigurationIsVisible = 0;
			defaultConfigurationName = Release;
		};
/* End XCConfigurationList section */
	};
	rootObject = 4B534026172B66C3003F9AE2 /* Project object */;
}
